
Microsoft Visual Studio Solution File, Format Version 12.00
# Visual Studio 14
VisualStudioVersion = 14.0.25420.1
MinimumVisualStudioVersion = 10.0.40219.1
Project("{F184B08F-C81C-45F6-A57F-5ABD9991F28F}") = "GitHubTest", "GitHubTest\GitHubTest.vbproj", "{F9AD7855-3710-4440-8C87-FFD754EF9EA6}"
EndProject
Global
	GlobalSection(SolutionConfigurationPlatforms) = preSolution
		Debug|Any CPU = Debug|Any CPU
		Release|Any CPU = Release|Any CPU
	EndGlobalSection
	GlobalSection(ProjectConfigurationPlatforms) = postSolution
		{F9AD7855-3710-4440-8C87-FFD754EF9EA6}.Debug|Any CPU.ActiveCfg = Debug|Any CPU
		{F9AD7855-3710-4440-8C87-FFD754EF9EA6}.Debug|Any CPU.Build.0 = Debug|Any CPU
		{F9AD7855-3710-4440-8C87-FFD754EF9EA6}.Release|Any CPU.ActiveCfg = Release|Any CPU
		{F9AD7855-3710-4440-8C87-FFD754EF9EA6}.Release|Any CPU.Build.0 = Release|Any CPU
	EndGlobalSection
	GlobalSection(SolutionProperties) = preSolution
		HideSolutionNode = FALSE
	EndGlobalSection
EndGlobal
